
Microsoft Visual Studio Solution File, Format Version 12.00
# Visual Studio Version 17
VisualStudioVersion = 17.8.34511.84
MinimumVisualStudioVersion = 10.0.40219.1
Project("{FAE04EC0-301F-11D3-BF4B-00C04F79EFBC}") = "DS1 Enemy Multiplier", "DS1 Enemy Multiplier\DS1 Enemy Multiplier.csproj", "{8CA30836-8B23-470D-9C99-77FF329AF04D}"
EndProject
Project("{9A19103F-16F7-4668-BE54-9A1E7A4F7556}") = "SoulsFormats", "..\..\..\Desktop\SoulsFormats-master\SoulsFormats\SoulsFormats.csproj", "{5D48D84F-BBF9-41BF-A577-C30ADF89DF23}"
EndProject
Global
	GlobalSection(SolutionConfigurationPlatforms) = preSolution
		Debug|Any CPU = Debug|Any CPU
		Release|Any CPU = Release|Any CPU
	EndGlobalSection
	GlobalSection(ProjectConfigurationPlatforms) = postSolution
		{8CA30836-8B23-470D-9C99-77FF329AF04D}.Debug|Any CPU.ActiveCfg = Debug|Any CPU
		{8CA30836-8B23-470D-9C99-77FF329AF04D}.Debug|Any CPU.Build.0 = Debug|Any CPU
		{8CA30836-8B23-470D-9C99-77FF329AF04D}.Release|Any CPU.ActiveCfg = Release|Any CPU
		{8CA30836-8B23-470D-9C99-77FF329AF04D}.Release|Any CPU.Build.0 = Release|Any CPU
		{5D48D84F-BBF9-41BF-A577-C30ADF89DF23}.Debug|Any CPU.ActiveCfg = Debug|Any CPU
		{5D48D84F-BBF9-41BF-A577-C30ADF89DF23}.Debug|Any CPU.Build.0 = Debug|Any CPU
		{5D48D84F-BBF9-41BF-A577-C30ADF89DF23}.Release|Any CPU.ActiveCfg = Release|Any CPU
		{5D48D84F-BBF9-41BF-A577-C30ADF89DF23}.Release|Any CPU.Build.0 = Release|Any CPU
	EndGlobalSection
	GlobalSection(SolutionProperties) = preSolution
		HideSolutionNode = FALSE
	EndGlobalSection
	GlobalSection(ExtensibilityGlobals) = postSolution
		SolutionGuid = {DCA64F9D-5E61-42CD-9C30-9ECFE2E2D13F}
	EndGlobalSection
EndGlobal
